
Microsoft Visual Studio Solution File, Format Version 12.00
# Visual Studio Version 17
VisualStudioVersion = 17.3.32819.101
MinimumVisualStudioVersion = 10.0.40219.1
Project("{FAE04EC0-301F-11D3-BF4B-00C04F79EFBC}") = "CardValidator", "CardValidator\CardValidator.csproj", "{A82B39FE-B50F-4355-9AA0-6C9842119709}"
EndProject
Global
	GlobalSection(SolutionConfigurationPlatforms) = preSolution
		Debug|Any CPU = Debug|Any CPU
		Release|Any CPU = Release|Any CPU
	EndGlobalSection
	GlobalSection(ProjectConfigurationPlatforms) = postSolution
		{A82B39FE-B50F-4355-9AA0-6C9842119709}.Debug|Any CPU.ActiveCfg = Debug|Any CPU
		{A82B39FE-B50F-4355-9AA0-6C9842119709}.Debug|Any CPU.Build.0 = Debug|Any CPU
		{A82B39FE-B50F-4355-9AA0-6C9842119709}.Release|Any CPU.ActiveCfg = Release|Any CPU
		{A82B39FE-B50F-4355-9AA0-6C9842119709}.Release|Any CPU.Build.0 = Release|Any CPU
	EndGlobalSection
	GlobalSection(SolutionProperties) = preSolution
		HideSolutionNode = FALSE
	EndGlobalSection
	GlobalSection(ExtensibilityGlobals) = postSolution
		SolutionGuid = {6DD0A662-D9EC-4F33-8E55-8FB27546671F}
	EndGlobalSection
EndGlobal
