
Microsoft Visual Studio Solution File, Format Version 12.00
# Visual Studio Version 17
VisualStudioVersion = 17.4.33103.184
MinimumVisualStudioVersion = 10.0.40219.1
Project("{FAE04EC0-301F-11D3-BF4B-00C04F79EFBC}") = "Throttler", "Throttler\Throttler.csproj", "{2AF3F76C-BE9F-4C09-823C-C7642759AC0B}"
EndProject
Global
	GlobalSection(SolutionConfigurationPlatforms) = preSolution
		Debug|Any CPU = Debug|Any CPU
		Release|Any CPU = Release|Any CPU
	EndGlobalSection
	GlobalSection(ProjectConfigurationPlatforms) = postSolution
		{2AF3F76C-BE9F-4C09-823C-C7642759AC0B}.Debug|Any CPU.ActiveCfg = Debug|Any CPU
		{2AF3F76C-BE9F-4C09-823C-C7642759AC0B}.Debug|Any CPU.Build.0 = Debug|Any CPU
		{2AF3F76C-BE9F-4C09-823C-C7642759AC0B}.Release|Any CPU.ActiveCfg = Release|Any CPU
		{2AF3F76C-BE9F-4C09-823C-C7642759AC0B}.Release|Any CPU.Build.0 = Release|Any CPU
	EndGlobalSection
	GlobalSection(SolutionProperties) = preSolution
		HideSolutionNode = FALSE
	EndGlobalSection
	GlobalSection(ExtensibilityGlobals) = postSolution
		SolutionGuid = {8576766C-61ED-4FBC-AE2F-6E9E0F371BF2}
	EndGlobalSection
EndGlobal
