
Microsoft Visual Studio Solution File, Format Version 12.00
# Visual Studio Version 17
VisualStudioVersion = 17.3.32819.101
MinimumVisualStudioVersion = 10.0.40219.1
Project("{9A19103F-16F7-4668-BE54-9A1E7A4F7556}") = "SimpleSpellcheck", "SimpleSpellcheck\SimpleSpellcheck.csproj", "{0CB9783B-486F-454A-98F0-A80FD99A0A65}"
EndProject
Global
	GlobalSection(SolutionConfigurationPlatforms) = preSolution
		Debug|Any CPU = Debug|Any CPU
		Release|Any CPU = Release|Any CPU
	EndGlobalSection
	GlobalSection(ProjectConfigurationPlatforms) = postSolution
		{0CB9783B-486F-454A-98F0-A80FD99A0A65}.Debug|Any CPU.ActiveCfg = Debug|Any CPU
		{0CB9783B-486F-454A-98F0-A80FD99A0A65}.Debug|Any CPU.Build.0 = Debug|Any CPU
		{0CB9783B-486F-454A-98F0-A80FD99A0A65}.Release|Any CPU.ActiveCfg = Release|Any CPU
		{0CB9783B-486F-454A-98F0-A80FD99A0A65}.Release|Any CPU.Build.0 = Release|Any CPU
	EndGlobalSection
	GlobalSection(SolutionProperties) = preSolution
		HideSolutionNode = FALSE
	EndGlobalSection
	GlobalSection(ExtensibilityGlobals) = postSolution
		SolutionGuid = {257541F6-20DA-4FA8-897B-C9C96D64FF8F}
	EndGlobalSection
EndGlobal
