
Microsoft Visual Studio Solution File, Format Version 12.00
# Visual Studio Version 17
VisualStudioVersion = 17.3.32519.111
MinimumVisualStudioVersion = 10.0.40219.1
Project("{FAE04EC0-301F-11D3-BF4B-00C04F79EFBC}") = "DiningPhilosophers", "DiningPhilosophers.csproj", "{E523BAED-A7D2-49BF-82AB-C477CBFFA377}"
EndProject
Global
	GlobalSection(SolutionConfigurationPlatforms) = preSolution
		Debug|Any CPU = Debug|Any CPU
		Release|Any CPU = Release|Any CPU
	EndGlobalSection
	GlobalSection(ProjectConfigurationPlatforms) = postSolution
		{E523BAED-A7D2-49BF-82AB-C477CBFFA377}.Debug|Any CPU.ActiveCfg = Debug|Any CPU
		{E523BAED-A7D2-49BF-82AB-C477CBFFA377}.Debug|Any CPU.Build.0 = Debug|Any CPU
		{E523BAED-A7D2-49BF-82AB-C477CBFFA377}.Release|Any CPU.ActiveCfg = Release|Any CPU
		{E523BAED-A7D2-49BF-82AB-C477CBFFA377}.Release|Any CPU.Build.0 = Release|Any CPU
	EndGlobalSection
	GlobalSection(SolutionProperties) = preSolution
		HideSolutionNode = FALSE
	EndGlobalSection
	GlobalSection(ExtensibilityGlobals) = postSolution
		SolutionGuid = {46707005-9C5C-4F75-A6EB-61CACD604996}
	EndGlobalSection
EndGlobal
