
Microsoft Visual Studio Solution File, Format Version 12.00
# Visual Studio Version 17
VisualStudioVersion = 17.2.32408.312
MinimumVisualStudioVersion = 10.0.40219.1
Project("{FAE04EC0-301F-11D3-BF4B-00C04F79EFBC}") = "WordChains", "WordChains.csproj", "{84E5C676-EF78-4F57-BB09-2E0F48EFF054}"
EndProject
Global
	GlobalSection(SolutionConfigurationPlatforms) = preSolution
		Debug|Any CPU = Debug|Any CPU
		Release|Any CPU = Release|Any CPU
	EndGlobalSection
	GlobalSection(ProjectConfigurationPlatforms) = postSolution
		{84E5C676-EF78-4F57-BB09-2E0F48EFF054}.Debug|Any CPU.ActiveCfg = Debug|Any CPU
		{84E5C676-EF78-4F57-BB09-2E0F48EFF054}.Debug|Any CPU.Build.0 = Debug|Any CPU
		{84E5C676-EF78-4F57-BB09-2E0F48EFF054}.Release|Any CPU.ActiveCfg = Release|Any CPU
		{84E5C676-EF78-4F57-BB09-2E0F48EFF054}.Release|Any CPU.Build.0 = Release|Any CPU
	EndGlobalSection
	GlobalSection(SolutionProperties) = preSolution
		HideSolutionNode = FALSE
	EndGlobalSection
	GlobalSection(ExtensibilityGlobals) = postSolution
		SolutionGuid = {2EF482A8-9605-4781-86E7-5D7D23F7E8F9}
	EndGlobalSection
EndGlobal
